
Microsoft Visual Studio Solution File, Format Version 12.00
# Visual Studio Version 16
VisualStudioVersion = 25.0.1704.3
MinimumVisualStudioVersion = 10.0.40219.1
Project("{FAE04EC0-301F-11D3-BF4B-00C04F79EFBC}") = "Battleships", "Battleships\Battleships.csproj", "{14D7AB45-E1C9-4050-9BC4-10AA775F40F3}"
EndProject
Project("{FAE04EC0-301F-11D3-BF4B-00C04F79EFBC}") = "Battleships.Tests", "Battleships.Tests\Battleships.Tests.csproj", "{A55E2BCF-80A0-4EE5-83A3-A02DE5C7798F}"
EndProject
Global
	GlobalSection(SolutionConfigurationPlatforms) = preSolution
		Debug|Any CPU = Debug|Any CPU
		Release|Any CPU = Release|Any CPU
	EndGlobalSection
	GlobalSection(ProjectConfigurationPlatforms) = postSolution
		{14D7AB45-E1C9-4050-9BC4-10AA775F40F3}.Debug|Any CPU.ActiveCfg = Debug|Any CPU
		{14D7AB45-E1C9-4050-9BC4-10AA775F40F3}.Debug|Any CPU.Build.0 = Debug|Any CPU
		{14D7AB45-E1C9-4050-9BC4-10AA775F40F3}.Release|Any CPU.ActiveCfg = Release|Any CPU
		{14D7AB45-E1C9-4050-9BC4-10AA775F40F3}.Release|Any CPU.Build.0 = Release|Any CPU
		{A55E2BCF-80A0-4EE5-83A3-A02DE5C7798F}.Debug|Any CPU.ActiveCfg = Debug|Any CPU
		{A55E2BCF-80A0-4EE5-83A3-A02DE5C7798F}.Debug|Any CPU.Build.0 = Debug|Any CPU
		{A55E2BCF-80A0-4EE5-83A3-A02DE5C7798F}.Release|Any CPU.ActiveCfg = Release|Any CPU
		{A55E2BCF-80A0-4EE5-83A3-A02DE5C7798F}.Release|Any CPU.Build.0 = Release|Any CPU
	EndGlobalSection
	GlobalSection(SolutionProperties) = preSolution
		HideSolutionNode = FALSE
	EndGlobalSection
	GlobalSection(ExtensibilityGlobals) = postSolution
		SolutionGuid = {A433A96E-C98D-4110-92C9-A27EED8C9BED}
	EndGlobalSection
EndGlobal
